
Microsoft Visual Studio Solution File, Format Version 12.00
# Visual Studio Version 16
VisualStudioVersion = 16.0.30204.135
MinimumVisualStudioVersion = 10.0.40219.1
Project("{2150E333-8FDC-42A3-9474-1A3956D46DE8}") = "src", "src", "{00C504C8-E160-4835-919C-7489E9E6A79C}"
EndProject
Project("{2150E333-8FDC-42A3-9474-1A3956D46DE8}") = "Services", "Services", "{8931FA3C-B1E3-4D31-A0D6-380128C99D27}"
EndProject
Project("{2150E333-8FDC-42A3-9474-1A3956D46DE8}") = "Catalog", "Catalog", "{A2BDB642-9BEF-41AC-AACD-2963D99B1EE7}"
EndProject
Project("{2150E333-8FDC-42A3-9474-1A3956D46DE8}") = "Core", "Core", "{B5B1A2E3-850C-4F85-9278-D771EF1F9993}"
EndProject
Project("{9A19103F-16F7-4668-BE54-9A1E7A4F7556}") = "ApiLibrary", "Core\ApiLibrary\ApiLibrary.csproj", "{66436F23-43A4-4A99-B68A-0E929082383B}"
EndProject
Project("{9A19103F-16F7-4668-BE54-9A1E7A4F7556}") = "Catalog.API", "Services\Catalog\Catalog.API\Catalog.API.csproj", "{29326CDA-D5D5-4210-AC79-602F853B8BCC}"
EndProject
Global
	GlobalSection(SolutionConfigurationPlatforms) = preSolution
		Debug|Any CPU = Debug|Any CPU
		Release|Any CPU = Release|Any CPU
	EndGlobalSection
	GlobalSection(ProjectConfigurationPlatforms) = postSolution
		{66436F23-43A4-4A99-B68A-0E929082383B}.Debug|Any CPU.ActiveCfg = Debug|Any CPU
		{66436F23-43A4-4A99-B68A-0E929082383B}.Debug|Any CPU.Build.0 = Debug|Any CPU
		{66436F23-43A4-4A99-B68A-0E929082383B}.Release|Any CPU.ActiveCfg = Release|Any CPU
		{66436F23-43A4-4A99-B68A-0E929082383B}.Release|Any CPU.Build.0 = Release|Any CPU
		{29326CDA-D5D5-4210-AC79-602F853B8BCC}.Debug|Any CPU.ActiveCfg = Debug|Any CPU
		{29326CDA-D5D5-4210-AC79-602F853B8BCC}.Debug|Any CPU.Build.0 = Debug|Any CPU
		{29326CDA-D5D5-4210-AC79-602F853B8BCC}.Release|Any CPU.ActiveCfg = Release|Any CPU
		{29326CDA-D5D5-4210-AC79-602F853B8BCC}.Release|Any CPU.Build.0 = Release|Any CPU
	EndGlobalSection
	GlobalSection(SolutionProperties) = preSolution
		HideSolutionNode = FALSE
	EndGlobalSection
	GlobalSection(NestedProjects) = preSolution
		{8931FA3C-B1E3-4D31-A0D6-380128C99D27} = {00C504C8-E160-4835-919C-7489E9E6A79C}
		{A2BDB642-9BEF-41AC-AACD-2963D99B1EE7} = {8931FA3C-B1E3-4D31-A0D6-380128C99D27}
		{B5B1A2E3-850C-4F85-9278-D771EF1F9993} = {00C504C8-E160-4835-919C-7489E9E6A79C}
		{66436F23-43A4-4A99-B68A-0E929082383B} = {B5B1A2E3-850C-4F85-9278-D771EF1F9993}
		{29326CDA-D5D5-4210-AC79-602F853B8BCC} = {A2BDB642-9BEF-41AC-AACD-2963D99B1EE7}
	EndGlobalSection
	GlobalSection(ExtensibilityGlobals) = postSolution
		SolutionGuid = {49A8A69C-F641-4E22-BDB0-653C86E442A7}
	EndGlobalSection
EndGlobal
